lockfileVersion: '9.0'

settings:
  autoInstallPeers: true
  excludeLinksFromLockfile: false

importers:

  .:
    dependencies:
      socket.io-client:
        specifier: ^4.7.5
        version: 4.7.5
      vue-native-websocket-vue3:
        specifier: ^3.1.7
        version: 3.1.7(core-js@3.37.1)(vue@3.4.27)

packages:

  '@babel/helper-string-parser@7.24.7':
    resolution: {integrity: sha512-7MbVt6xrwFQbunH2DNQsAP5sTGxfqQtErvBIvIMi6EQnbgUOuVYanvREcmFrOPhoXBrTtjhhP+lW+o5UfK+tDg==}
    engines: {node: '>=6.9.0'}

  '@babel/helper-validator-identifier@7.24.7':
    resolution: {integrity: sha512-rR+PBcQ1SMQDDyF6X0wxtG8QyLCgUB0eRAGguqRLfkCA87l7yAP7ehq8SNj96OOGTO8OBV70KhuFYcIkHXOg0w==}
    engines: {node: '>=6.9.0'}

  '@babel/parser@7.24.7':
    resolution: {integrity: sha512-9uUYRm6OqQrCqQdG1iCBwBPZgN8ciDBro2nIOFaiRz1/BCxaI7CNvQbDHvsArAC7Tw9Hda/B3U+6ui9u4HWXPw==}
    engines: {node: '>=6.0.0'}
    hasBin: true

  '@babel/types@7.24.7':
    resolution: {integrity: sha512-XEFXSlxiG5td2EJRe8vOmRbaXVgfcBlszKujvVmWIK/UpywWljQCfzAv3RQCGujWQ1RD4YYWEAqDXfuJiy8f5Q==}
    engines: {node: '>=6.9.0'}

  '@jridgewell/sourcemap-codec@1.4.15':
    resolution: {integrity: sha512-eF2rxCRulEKXHTRiDrDy6erMYWqNw4LPdQ8UQA4huuxaQsVeRPFl2oM8oDGxMFhJUWZf9McpLtJasDDZb/Bpeg==}

  '@socket.io/component-emitter@3.1.2':
    resolution: {integrity: sha512-9BCxFwvbGg/RsZK9tjXd8s4UcwR0MWeFQ1XEKIQVVvAGJyINdrqKMcTRyLoK8Rse1GjzLV9cwjWV1olXRWEXVA==}

  '@vue/compiler-core@3.4.27':
    resolution: {integrity: sha512-E+RyqY24KnyDXsCuQrI+mlcdW3ALND6U7Gqa/+bVwbcpcR3BRRIckFoz7Qyd4TTlnugtwuI7YgjbvsLmxb+yvg==}

  '@vue/compiler-dom@3.4.27':
    resolution: {integrity: sha512-kUTvochG/oVgE1w5ViSr3KUBh9X7CWirebA3bezTbB5ZKBQZwR2Mwj9uoSKRMFcz4gSMzzLXBPD6KpCLb9nvWw==}

  '@vue/compiler-sfc@3.4.27':
    resolution: {integrity: sha512-nDwntUEADssW8e0rrmE0+OrONwmRlegDA1pD6QhVeXxjIytV03yDqTey9SBDiALsvAd5U4ZrEKbMyVXhX6mCGA==}

  '@vue/compiler-ssr@3.4.27':
    resolution: {integrity: sha512-CVRzSJIltzMG5FcidsW0jKNQnNRYC8bT21VegyMMtHmhW3UOI7knmUehzswXLrExDLE6lQCZdrhD4ogI7c+vuw==}

  '@vue/reactivity@3.4.27':
    resolution: {integrity: sha512-kK0g4NknW6JX2yySLpsm2jlunZJl2/RJGZ0H9ddHdfBVHcNzxmQ0sS0b09ipmBoQpY8JM2KmUw+a6sO8Zo+zIA==}

  '@vue/runtime-core@3.4.27':
    resolution: {integrity: sha512-7aYA9GEbOOdviqVvcuweTLe5Za4qBZkUY7SvET6vE8kyypxVgaT1ixHLg4urtOlrApdgcdgHoTZCUuTGap/5WA==}

  '@vue/runtime-dom@3.4.27':
    resolution: {integrity: sha512-ScOmP70/3NPM+TW9hvVAz6VWWtZJqkbdf7w6ySsws+EsqtHvkhxaWLecrTorFxsawelM5Ys9FnDEMt6BPBDS0Q==}

  '@vue/server-renderer@3.4.27':
    resolution: {integrity: sha512-dlAMEuvmeA3rJsOMJ2J1kXU7o7pOxgsNHVr9K8hB3ImIkSuBrIdy0vF66h8gf8Tuinf1TK3mPAz2+2sqyf3KzA==}
    peerDependencies:
      vue: 3.4.27

  '@vue/shared@3.4.27':
    resolution: {integrity: sha512-DL3NmY2OFlqmYYrzp39yi3LDkKxa5vZVwxWdQ3rG0ekuWscHraeIbnI8t+aZK7qhYqEqWKTUdijadunb9pnrgA==}

  balanced-match@1.0.2:
    resolution: {integrity: sha512-3oSeUO0TMV67hN1AmbXsK4yaqU7tjiHlbxRDZOpH0KW9+CeX4bRAaX0Anxt0tx2MrpRpWwQaPwIlISEJhYU5Pw==}

  brace-expansion@1.1.11:
    resolution: {integrity: sha512-iCuPHDFgrHX7H2vEI/5xpz07zSHB00TpugqhmYtVmMO6518mCuRMoOYFldEBl0g187ufozdaHgWKcYFb61qGiA==}

  concat-map@0.0.1:
    resolution: {integrity: sha512-/Srv4dswyQNBfohGpz9o6Yb3Gz3SrUDqBH5rTuhGR7ahtlbYKnVxw2bCFMRljaA7EXHaXZ8wsHdodFvbkhKmqg==}

  core-js@3.37.1:
    resolution: {integrity: sha512-Xn6qmxrQZyB0FFY8E3bgRXei3lWDJHhvI+u0q9TKIYM49G8pAr0FgnnrFRAmsbptZL1yxRADVXn+x5AGsbBfyw==}

  csstype@3.1.3:
    resolution: {integrity: sha512-M1uQkMl8rQK/szD0LNhtqxIPLpimGm8sOBwU7lLnCpSbTyY3yeU1Vc7l4KT5zT4s/yOxHH5O7tIuuLOCnLADRw==}

  debug@4.3.5:
    resolution: {integrity: sha512-pt0bNEmneDIvdL1Xsd9oDQ/wrQRkXDT4AUWlNZNPKvW5x/jyO9VFXkJUP07vQ2upmw5PlaITaPKc31jK13V+jg==}
    engines: {node: '>=6.0'}
    peerDependencies:
      supports-color: '*'
    peerDependenciesMeta:
      supports-color:
        optional: true

  engine.io-client@6.5.3:
    resolution: {integrity: sha512-9Z0qLB0NIisTRt1DZ/8U2k12RJn8yls/nXMZLn+/N8hANT3TcYjKFKcwbw5zFQiN4NTde3TSY9zb79e1ij6j9Q==}

  engine.io-parser@5.2.2:
    resolution: {integrity: sha512-RcyUFKA93/CXH20l4SoVvzZfrSDMOTUS3bWVpTt2FuFP+XYrL8i8oonHP7WInRyVHXh0n/ORtoeiE1os+8qkSw==}
    engines: {node: '>=10.0.0'}

  entities@4.5.0:
    resolution: {integrity: sha512-V0hjH4dGPh9Ao5p0MoRY6BVqtwCjhz6vI5LT8AJ55H+4g9/4vbHx1I54fS0XuclLhDHArPQCiMjDxjaL8fPxhw==}
    engines: {node: '>=0.12'}

  estree-walker@2.0.2:
    resolution: {integrity: sha512-Rfkk/Mp/DL7JVje3u18FxFujQlTNR2q6QfMSMB7AvCBx91NGj/ba3kCfza0f6dVDbw7YlRf/nDrn7pQrCCyQ/w==}

  file-entry-cache@6.0.1:
    resolution: {integrity: sha512-7Gps/XWymbLk2QLYK4NzpMOrYjMhdIxXuIvy2QBsLE6ljuodKvdkWs/cpyJJ3CVIVpH0Oi1Hvg1ovbMzLdFBBg==}
    engines: {node: ^10.12.0 || >=12.0.0}

  flat-cache@3.2.0:
    resolution: {integrity: sha512-CYcENa+FtcUKLmhhqyctpclsq7QF38pKjZHsGNiSQF5r4FtoKDWabFDl3hzaEQMvT1LHEysw5twgLvpYYb4vbw==}
    engines: {node: ^10.12.0 || >=12.0.0}

  flatted@3.3.1:
    resolution: {integrity: sha512-X8cqMLLie7KsNUDSdzeN8FYK9rEt4Dt67OsG/DNGnYTSDBG4uFAJFBnUeiV+zCVAvwFy56IjM9sH51jVaEhNxw==}

  fs.realpath@1.0.0:
    resolution: {integrity: sha512-OO0pH2lK6a0hZnAdau5ItzHPI6pUlvI7jMVnxUQRtw4owF2wk8lOSabtGDCTP4Ggrg2MbGnWO9X8K1t4+fGMDw==}

  glob@7.2.3:
    resolution: {integrity: sha512-nFR0zLpU2YCaRxwoCJvL6UvCH2JFyFVIvwTLsIf21AuHlMskA1hhTdk+LlYJtOlYt9v6dvszD2BGRqBL+iQK9Q==}
    deprecated: Glob versions prior to v9 are no longer supported

  inflight@1.0.6:
    resolution: {integrity: sha512-k92I/b08q4wvFscXCLvqfsHCrjrF7yiXsQuIVvVE7N82W3+aqpzuUdBbfhWcy/FZR3/4IgflMgKLOsvPDrGCJA==}
    deprecated: This module is not supported, and leaks memory. Do not use it. Check out lru-cache if you want a good and tested way to coalesce async requests by a key value, which is much more comprehensive and powerful.

  inherits@2.0.4:
    resolution: {integrity: sha512-k/vGaX4/Yla3WzyMCvTQOXYeIHvqOKtnqBduzTHpzpQZzAskKMhZ2K+EnBiSM9zGSoIFeMpXKxa4dYeZIQqewQ==}

  json-buffer@3.0.1:
    resolution: {integrity: sha512-4bV5BfR2mqfQTJm+V5tPPdf+ZpuhiIvTuAB5g8kcrXOZpTT/QwwVRWBywX1ozr6lEuPdbHxwaJlm9G6mI2sfSQ==}

  keyv@4.5.4:
    resolution: {integrity: sha512-oxVHkHR/EJf2CNXnWxRLW6mg7JyCCUcG0DtEGmL2ctUo1PNTin1PUil+r/+4r5MpVgC/fn1kjsx7mjSujKqIpw==}

  magic-string@0.30.10:
    resolution: {integrity: sha512-iIRwTIf0QKV3UAnYK4PU8uiEc4SRh5jX0mwpIwETPpHdhVM4f53RSwS/vXvN1JhGX+Cs7B8qIq3d6AH49O5fAQ==}

  minimatch@3.1.2:
    resolution: {integrity: sha512-J7p63hRiAjw1NDEww1W7i37+ByIrOWO5XQQAzZ3VOcL0PNybwpfmV/N05zFAzwQ9USyEcX6t3UO+K5aqBQOIHw==}

  ms@2.1.2:
    resolution: {integrity: sha512-sGkPx+VjMtmA6MX27oA4FBFELFCZZ4S4XqeGOXCv68tT+jb3vk/RyaKWP0PTKyWtmLSM0b+adUTEvbs1PEaH2w==}

  nanoid@3.3.7:
    resolution: {integrity: sha512-eSRppjcPIatRIMC1U6UngP8XFcz8MQWGQdt1MTBQ7NaAmvXDfvNxbvWV3x2y6CdEUciCSsDHDQZbhYaB8QEo2g==}
    engines: {node: ^10 || ^12 || ^13.7 || ^14 || >=15.0.1}
    hasBin: true

  once@1.4.0:
    resolution: {integrity: sha512-lNaJgI+2Q5URQBkccEKHTQOPaXdUxnZZElQTZY0MFUAuaEqe1E+Nyvgdz/aIyNi6Z9MzO5dv1H8n58/GELp3+w==}

  path-is-absolute@1.0.1:
    resolution: {integrity: sha512-AVbw3UJ2e9bq64vSaS9Am0fje1Pa8pbGqTTsmXfaIiMpnr5DlDhfJOuLj9Sf95ZPVDAUerDfEk88MPmPe7UCQg==}
    engines: {node: '>=0.10.0'}

  picocolors@1.0.1:
    resolution: {integrity: sha512-anP1Z8qwhkbmu7MFP5iTt+wQKXgwzf7zTyGlcdzabySa9vd0Xt392U0rVmz9poOaBj0uHJKyyo9/upk0HrEQew==}

  postcss@8.4.38:
    resolution: {integrity: sha512-Wglpdk03BSfXkHoQa3b/oulrotAkwrlLDRSOb9D0bN86FdRyE9lppSp33aHNPgBa0JKCoB+drFLZkQoRRYae5A==}
    engines: {node: ^10 || ^12 || >=14}

  rimraf@3.0.2:
    resolution: {integrity: sha512-JZkJMZkAGFFPP2YqXZXPbMlMBgsxzE8ILs4lMIX/2o0L9UBw9O/Y3o6wFw/i9YLapcUJWwqbi3kdxIPdC62TIA==}
    deprecated: Rimraf versions prior to v4 are no longer supported
    hasBin: true

  socket.io-client@4.7.5:
    resolution: {integrity: sha512-sJ/tqHOCe7Z50JCBCXrsY3I2k03iOiUe+tj1OmKeD2lXPiGH/RUCdTZFoqVyN7l1MnpIzPrGtLcijffmeouNlQ==}
    engines: {node: '>=10.0.0'}

  socket.io-parser@4.2.4:
    resolution: {integrity: sha512-/GbIKmo8ioc+NIWIhwdecY0ge+qVBSMdgxGygevmdHj24bsfgtCmcUUcQ5ZzcylGFHsN3k4HB4Cgkl96KVnuew==}
    engines: {node: '>=10.0.0'}

  source-map-js@1.2.0:
    resolution: {integrity: sha512-itJW8lvSA0TXEphiRoawsCksnlf8SyvmFzIhltqAHluXd88pkCd+cXJVHTDwdCr0IzwptSm035IHQktUu1QUMg==}
    engines: {node: '>=0.10.0'}

  to-fast-properties@2.0.0:
    resolution: {integrity: sha512-/OaKK0xYrs3DmxRYqL/yDc+FxFUVYhDlXMhRmv3z915w2HF1tnN1omB354j8VUGO/hbRzyD6Y3sA7v7GS/ceog==}
    engines: {node: '>=4'}

  vue-native-websocket-vue3@3.1.7:
    resolution: {integrity: sha512-f7cmJE+okUrGGu1kR5ZY5ZGzNDCJW0ktUso3QytnrtdM4i8cyiJDHjUl8hPBiwTqVuuwadc3lRsPGt0BrcrReQ==}
    peerDependencies:
      core-js: ^3.6.5
      vue: ^3.0.0

  vue@3.4.27:
    resolution: {integrity: sha512-8s/56uK6r01r1icG/aEOHqyMVxd1bkYcSe9j8HcKtr/xTOFWvnzIVTehNW+5Yt89f+DLBe4A569pnZLS5HzAMA==}
    peerDependencies:
      typescript: '*'
    peerDependenciesMeta:
      typescript:
        optional: true

  wrappy@1.0.2:
    resolution: {integrity: sha512-l4Sp/DRseor9wL6EvV2+TuQn63dMkPjZ/sp9XkghTEbV9KlPS1xUsZ3u7/IQO4wxtcFB4bgpQPRcR3QCvezPcQ==}

  ws@8.11.0:
    resolution: {integrity: sha512-HPG3wQd9sNQoT9xHyNCXoDUa+Xw/VevmY9FoHyQ+g+rrMn4j6FB4np7Z0OhdTgjx6MgQLK7jwSy1YecU1+4Asg==}
    engines: {node: '>=10.0.0'}
    peerDependencies:
      bufferutil: ^4.0.1
      utf-8-validate: ^5.0.2
    peerDependenciesMeta:
      bufferutil:
        optional: true
      utf-8-validate:
        optional: true

  xmlhttprequest-ssl@2.0.0:
    resolution: {integrity: sha512-QKxVRxiRACQcVuQEYFsI1hhkrMlrXHPegbbd1yn9UHOmRxY+si12nQYzri3vbzt8VdTTRviqcKxcyllFas5z2A==}
    engines: {node: '>=0.4.0'}

snapshots:

  '@babel/helper-string-parser@7.24.7': {}

  '@babel/helper-validator-identifier@7.24.7': {}

  '@babel/parser@7.24.7':
    dependencies:
      '@babel/types': 7.24.7

  '@babel/types@7.24.7':
    dependencies:
      '@babel/helper-string-parser': 7.24.7
      '@babel/helper-validator-identifier': 7.24.7
      to-fast-properties: 2.0.0

  '@jridgewell/sourcemap-codec@1.4.15': {}

  '@socket.io/component-emitter@3.1.2': {}

  '@vue/compiler-core@3.4.27':
    dependencies:
      '@babel/parser': 7.24.7
      '@vue/shared': 3.4.27
      entities: 4.5.0
      estree-walker: 2.0.2
      source-map-js: 1.2.0

  '@vue/compiler-dom@3.4.27':
    dependencies:
      '@vue/compiler-core': 3.4.27
      '@vue/shared': 3.4.27

  '@vue/compiler-sfc@3.4.27':
    dependencies:
      '@babel/parser': 7.24.7
      '@vue/compiler-core': 3.4.27
      '@vue/compiler-dom': 3.4.27
      '@vue/compiler-ssr': 3.4.27
      '@vue/shared': 3.4.27
      estree-walker: 2.0.2
      magic-string: 0.30.10
      postcss: 8.4.38
      source-map-js: 1.2.0

  '@vue/compiler-ssr@3.4.27':
    dependencies:
      '@vue/compiler-dom': 3.4.27
      '@vue/shared': 3.4.27

  '@vue/reactivity@3.4.27':
    dependencies:
      '@vue/shared': 3.4.27

  '@vue/runtime-core@3.4.27':
    dependencies:
      '@vue/reactivity': 3.4.27
      '@vue/shared': 3.4.27

  '@vue/runtime-dom@3.4.27':
    dependencies:
      '@vue/runtime-core': 3.4.27
      '@vue/shared': 3.4.27
      csstype: 3.1.3

  '@vue/server-renderer@3.4.27(vue@3.4.27)':
    dependencies:
      '@vue/compiler-ssr': 3.4.27
      '@vue/shared': 3.4.27
      vue: 3.4.27

  '@vue/shared@3.4.27': {}

  balanced-match@1.0.2: {}

  brace-expansion@1.1.11:
    dependencies:
      balanced-match: 1.0.2
      concat-map: 0.0.1

  concat-map@0.0.1: {}

  core-js@3.37.1: {}

  csstype@3.1.3: {}

  debug@4.3.5:
    dependencies:
      ms: 2.1.2

  engine.io-client@6.5.3:
    dependencies:
      '@socket.io/component-emitter': 3.1.2
      debug: 4.3.5
      engine.io-parser: 5.2.2
      ws: 8.11.0
      xmlhttprequest-ssl: 2.0.0
    transitivePeerDependencies:
      - bufferutil
      - supports-color
      - utf-8-validate

  engine.io-parser@5.2.2: {}

  entities@4.5.0: {}

  estree-walker@2.0.2: {}

  file-entry-cache@6.0.1:
    dependencies:
      flat-cache: 3.2.0

  flat-cache@3.2.0:
    dependencies:
      flatted: 3.3.1
      keyv: 4.5.4
      rimraf: 3.0.2

  flatted@3.3.1: {}

  fs.realpath@1.0.0: {}

  glob@7.2.3:
    dependencies:
      fs.realpath: 1.0.0
      inflight: 1.0.6
      inherits: 2.0.4
      minimatch: 3.1.2
      once: 1.4.0
      path-is-absolute: 1.0.1

  inflight@1.0.6:
    dependencies:
      once: 1.4.0
      wrappy: 1.0.2

  inherits@2.0.4: {}

  json-buffer@3.0.1: {}

  keyv@4.5.4:
    dependencies:
      json-buffer: 3.0.1

  magic-string@0.30.10:
    dependencies:
      '@jridgewell/sourcemap-codec': 1.4.15

  minimatch@3.1.2:
    dependencies:
      brace-expansion: 1.1.11

  ms@2.1.2: {}

  nanoid@3.3.7: {}

  once@1.4.0:
    dependencies:
      wrappy: 1.0.2

  path-is-absolute@1.0.1: {}

  picocolors@1.0.1: {}

  postcss@8.4.38:
    dependencies:
      nanoid: 3.3.7
      picocolors: 1.0.1
      source-map-js: 1.2.0

  rimraf@3.0.2:
    dependencies:
      glob: 7.2.3

  socket.io-client@4.7.5:
    dependencies:
      '@socket.io/component-emitter': 3.1.2
      debug: 4.3.5
      engine.io-client: 6.5.3
      socket.io-parser: 4.2.4
    transitivePeerDependencies:
      - bufferutil
      - supports-color
      - utf-8-validate

  socket.io-parser@4.2.4:
    dependencies:
      '@socket.io/component-emitter': 3.1.2
      debug: 4.3.5
    transitivePeerDependencies:
      - supports-color

  source-map-js@1.2.0: {}

  to-fast-properties@2.0.0: {}

  vue-native-websocket-vue3@3.1.7(core-js@3.37.1)(vue@3.4.27):
    dependencies:
      core-js: 3.37.1
      file-entry-cache: 6.0.1
      vue: 3.4.27

  vue@3.4.27:
    dependencies:
      '@vue/compiler-dom': 3.4.27
      '@vue/compiler-sfc': 3.4.27
      '@vue/runtime-dom': 3.4.27
      '@vue/server-renderer': 3.4.27(vue@3.4.27)
      '@vue/shared': 3.4.27

  wrappy@1.0.2: {}

  ws@8.11.0: {}

  xmlhttprequest-ssl@2.0.0: {}
